
Microsoft Visual Studio Solution File, Format Version 12.00
# Visual Studio 15
VisualStudioVersion = 15.0.28010.2026
MinimumVisualStudioVersion = 10.0.40219.1
Project("{2150E333-8FDC-42A3-9474-1A3956D46DE8}") = "src", "src", "{D3FEF16F-21B7-47B1-A4C5-E567638804CF}"
EndProject
Project("{2150E333-8FDC-42A3-9474-1A3956D46DE8}") = "web", "web", "{3F6253A8-1531-42DA-AFCA-7A962EAC27EF}"
EndProject
Project("{2150E333-8FDC-42A3-9474-1A3956D46DE8}") = "libs", "libs", "{A9B7D8CA-F0B7-422A-96BE-E9E43958BE39}"
EndProject
Project("{9A19103F-16F7-4668-BE54-9A1E7A4F7556}") = "TodoCQRS.Web", "src\web\TodoCQRS.Web\TodoCQRS.Web.csproj", "{1EDB89C1-E075-4AAA-9936-3A5E2D60D2EE}"
EndProject
Project("{9A19103F-16F7-4668-BE54-9A1E7A4F7556}") = "TodoCQRS.Commands", "src\libs\TodoCQRS.Commands\TodoCQRS.Commands.csproj", "{40D0BAC7-C760-4710-8A17-B9AE4C35C921}"
EndProject
Project("{9A19103F-16F7-4668-BE54-9A1E7A4F7556}") = "TodoCQRS.Domain", "src\libs\TodoCQRS.Domain\TodoCQRS.Domain.csproj", "{469A7E03-F18F-4B41-A427-B18194C1BB85}"
EndProject
Project("{9A19103F-16F7-4668-BE54-9A1E7A4F7556}") = "TodoCQRS.Query", "src\libs\TodoCQRS.Query\TodoCQRS.Query.csproj", "{68C11A8E-79AC-40D6-BD51-B71AEB00E87A}"
EndProject
Project("{9A19103F-16F7-4668-BE54-9A1E7A4F7556}") = "TodoCQRS.Infrastructure", "src\libs\TodoCQRS.Infrastructure\TodoCQRS.Infrastructure.csproj", "{4E14BA4A-8862-4E32-85AE-882F648A4E77}"
EndProject
Project("{9A19103F-16F7-4668-BE54-9A1E7A4F7556}") = "TodoCQRS.Commands.Domain", "src\libs\TodoCQRS.Commands.Domain\TodoCQRS.Commands.Domain.csproj", "{02185602-962A-42D6-A50D-AC3A52BC6AEE}"
EndProject
Project("{9A19103F-16F7-4668-BE54-9A1E7A4F7556}") = "TodoCQRS.Infrastructure.LiteDb", "src\libs\TodoCQRS.Infrastructure.LiteDb\TodoCQRS.Infrastructure.LiteDb.csproj", "{E6B6D1EE-E8C3-4B7E-A429-543C0D24F1E7}"
EndProject
Project("{9A19103F-16F7-4668-BE54-9A1E7A4F7556}") = "TodoCQRS.Infrastructure.SQLite", "src\libs\TodoCQRS.Infrastructure.SQLite\TodoCQRS.Infrastructure.SQLite.csproj", "{8D1848BA-537D-424E-A685-FC8D522E650A}"
EndProject
Project("{FAE04EC0-301F-11D3-BF4B-00C04F79EFBC}") = "TodoCQRS.Infrastructure.MsSql", "src\libs\TodoCQRS.Infrastructure.MsSql\TodoCQRS.Infrastructure.MsSql.csproj", "{93B9F9AD-FE58-43F6-AAFA-E4006716BCC1}"
EndProject
Project("{FAE04EC0-301F-11D3-BF4B-00C04F79EFBC}") = "TodoCQRS.Infrastructture.Persistance", "src\libs\TodoCQRS.Infrastructture.Persistance\TodoCQRS.Infrastructture.Persistance.csproj", "{2B082DF5-D8B8-4158-A58A-79DADD4E097C}"
EndProject
Global
	GlobalSection(SolutionConfigurationPlatforms) = preSolution
		Debug|Any CPU = Debug|Any CPU
		Release|Any CPU = Release|Any CPU
	EndGlobalSection
	GlobalSection(ProjectConfigurationPlatforms) = postSolution
		{1EDB89C1-E075-4AAA-9936-3A5E2D60D2EE}.Debug|Any CPU.ActiveCfg = Debug|Any CPU
		{1EDB89C1-E075-4AAA-9936-3A5E2D60D2EE}.Debug|Any CPU.Build.0 = Debug|Any CPU
		{1EDB89C1-E075-4AAA-9936-3A5E2D60D2EE}.Release|Any CPU.ActiveCfg = Release|Any CPU
		{1EDB89C1-E075-4AAA-9936-3A5E2D60D2EE}.Release|Any CPU.Build.0 = Release|Any CPU
		{40D0BAC7-C760-4710-8A17-B9AE4C35C921}.Debug|Any CPU.ActiveCfg = Debug|Any CPU
		{40D0BAC7-C760-4710-8A17-B9AE4C35C921}.Debug|Any CPU.Build.0 = Debug|Any CPU
		{40D0BAC7-C760-4710-8A17-B9AE4C35C921}.Release|Any CPU.ActiveCfg = Release|Any CPU
		{40D0BAC7-C760-4710-8A17-B9AE4C35C921}.Release|Any CPU.Build.0 = Release|Any CPU
		{469A7E03-F18F-4B41-A427-B18194C1BB85}.Debug|Any CPU.ActiveCfg = Debug|Any CPU
		{469A7E03-F18F-4B41-A427-B18194C1BB85}.Debug|Any CPU.Build.0 = Debug|Any CPU
		{469A7E03-F18F-4B41-A427-B18194C1BB85}.Release|Any CPU.ActiveCfg = Release|Any CPU
		{469A7E03-F18F-4B41-A427-B18194C1BB85}.Release|Any CPU.Build.0 = Release|Any CPU
		{68C11A8E-79AC-40D6-BD51-B71AEB00E87A}.Debug|Any CPU.ActiveCfg = Debug|Any CPU
		{68C11A8E-79AC-40D6-BD51-B71AEB00E87A}.Debug|Any CPU.Build.0 = Debug|Any CPU
		{68C11A8E-79AC-40D6-BD51-B71AEB00E87A}.Release|Any CPU.ActiveCfg = Release|Any CPU
		{68C11A8E-79AC-40D6-BD51-B71AEB00E87A}.Release|Any CPU.Build.0 = Release|Any CPU
		{4E14BA4A-8862-4E32-85AE-882F648A4E77}.Debug|Any CPU.ActiveCfg = Debug|Any CPU
		{4E14BA4A-8862-4E32-85AE-882F648A4E77}.Debug|Any CPU.Build.0 = Debug|Any CPU
		{4E14BA4A-8862-4E32-85AE-882F648A4E77}.Release|Any CPU.ActiveCfg = Release|Any CPU
		{4E14BA4A-8862-4E32-85AE-882F648A4E77}.Release|Any CPU.Build.0 = Release|Any CPU
		{02185602-962A-42D6-A50D-AC3A52BC6AEE}.Debug|Any CPU.ActiveCfg = Debug|Any CPU
		{02185602-962A-42D6-A50D-AC3A52BC6AEE}.Debug|Any CPU.Build.0 = Debug|Any CPU
		{02185602-962A-42D6-A50D-AC3A52BC6AEE}.Release|Any CPU.ActiveCfg = Release|Any CPU
		{02185602-962A-42D6-A50D-AC3A52BC6AEE}.Release|Any CPU.Build.0 = Release|Any CPU
		{E6B6D1EE-E8C3-4B7E-A429-543C0D24F1E7}.Debug|Any CPU.ActiveCfg = Debug|Any CPU
		{E6B6D1EE-E8C3-4B7E-A429-543C0D24F1E7}.Debug|Any CPU.Build.0 = Debug|Any CPU
		{E6B6D1EE-E8C3-4B7E-A429-543C0D24F1E7}.Release|Any CPU.ActiveCfg = Release|Any CPU
		{E6B6D1EE-E8C3-4B7E-A429-543C0D24F1E7}.Release|Any CPU.Build.0 = Release|Any CPU
		{8D1848BA-537D-424E-A685-FC8D522E650A}.Debug|Any CPU.ActiveCfg = Debug|Any CPU
		{8D1848BA-537D-424E-A685-FC8D522E650A}.Debug|Any CPU.Build.0 = Debug|Any CPU
		{8D1848BA-537D-424E-A685-FC8D522E650A}.Release|Any CPU.ActiveCfg = Release|Any CPU
		{8D1848BA-537D-424E-A685-FC8D522E650A}.Release|Any CPU.Build.0 = Release|Any CPU
		{93B9F9AD-FE58-43F6-AAFA-E4006716BCC1}.Debug|Any CPU.ActiveCfg = Debug|Any CPU
		{93B9F9AD-FE58-43F6-AAFA-E4006716BCC1}.Debug|Any CPU.Build.0 = Debug|Any CPU
		{93B9F9AD-FE58-43F6-AAFA-E4006716BCC1}.Release|Any CPU.ActiveCfg = Release|Any CPU
		{93B9F9AD-FE58-43F6-AAFA-E4006716BCC1}.Release|Any CPU.Build.0 = Release|Any CPU
		{2B082DF5-D8B8-4158-A58A-79DADD4E097C}.Debug|Any CPU.ActiveCfg = Debug|Any CPU
		{2B082DF5-D8B8-4158-A58A-79DADD4E097C}.Debug|Any CPU.Build.0 = Debug|Any CPU
		{2B082DF5-D8B8-4158-A58A-79DADD4E097C}.Release|Any CPU.ActiveCfg = Release|Any CPU
		{2B082DF5-D8B8-4158-A58A-79DADD4E097C}.Release|Any CPU.Build.0 = Release|Any CPU
	EndGlobalSection
	GlobalSection(SolutionProperties) = preSolution
		HideSolutionNode = FALSE
	EndGlobalSection
	GlobalSection(NestedProjects) = preSolution
		{3F6253A8-1531-42DA-AFCA-7A962EAC27EF} = {D3FEF16F-21B7-47B1-A4C5-E567638804CF}
		{A9B7D8CA-F0B7-422A-96BE-E9E43958BE39} = {D3FEF16F-21B7-47B1-A4C5-E567638804CF}
		{1EDB89C1-E075-4AAA-9936-3A5E2D60D2EE} = {3F6253A8-1531-42DA-AFCA-7A962EAC27EF}
		{40D0BAC7-C760-4710-8A17-B9AE4C35C921} = {A9B7D8CA-F0B7-422A-96BE-E9E43958BE39}
		{469A7E03-F18F-4B41-A427-B18194C1BB85} = {A9B7D8CA-F0B7-422A-96BE-E9E43958BE39}
		{68C11A8E-79AC-40D6-BD51-B71AEB00E87A} = {A9B7D8CA-F0B7-422A-96BE-E9E43958BE39}
		{4E14BA4A-8862-4E32-85AE-882F648A4E77} = {A9B7D8CA-F0B7-422A-96BE-E9E43958BE39}
		{02185602-962A-42D6-A50D-AC3A52BC6AEE} = {A9B7D8CA-F0B7-422A-96BE-E9E43958BE39}
		{E6B6D1EE-E8C3-4B7E-A429-543C0D24F1E7} = {A9B7D8CA-F0B7-422A-96BE-E9E43958BE39}
		{8D1848BA-537D-424E-A685-FC8D522E650A} = {A9B7D8CA-F0B7-422A-96BE-E9E43958BE39}
		{93B9F9AD-FE58-43F6-AAFA-E4006716BCC1} = {A9B7D8CA-F0B7-422A-96BE-E9E43958BE39}
		{2B082DF5-D8B8-4158-A58A-79DADD4E097C} = {A9B7D8CA-F0B7-422A-96BE-E9E43958BE39}
	EndGlobalSection
	GlobalSection(ExtensibilityGlobals) = postSolution
		SolutionGuid = {24A9517B-8D5F-400D-A2D1-D429EE5B68E1}
	EndGlobalSection
EndGlobal
